// !$*UTF8*$!
{
	archiveVersion = 1;
	classes = {
	};
	objectVersion = 46;
	objects = {

/* Begin PBXBuildFile section */
		5A02A6B216D401E1001ECCF4 /* UIKit.framework in Frameworks */ = {isa = PBXBuildFile; fileRef = 5A02A6B116D401E1001ECCF4 /* UIKit.framework */; };
		5A02A6B416D401E1001ECCF4 /* Foundation.framework in Frameworks */ = {isa = PBXBuildFile; fileRef = 5A02A6B316D401E1001ECCF4 /* Foundation.framework */; };
		5A02A6B616D401E1001ECCF4 /* CoreGraphics.framework in Frameworks */ = {isa = PBXBuildFile; fileRef = 5A02A6B516D401E1001ECCF4 /* CoreGraphics.framework */; };
		5A02A6BC16D401E1001ECCF4 /* InfoPlist.strings in Resources */ = {isa = PBXBuildFile; fileRef = 5A02A6BA16D401E1001ECCF4 /* InfoPlist.strings */; };
		5A02A6BE16D401E1001ECCF4 /* main.m in Sources */ = {isa = PBXBuildFile; fileRef = 5A02A6BD16D401E1001ECCF4 /* main.m */; };
		5A02A6C216D401E1001ECCF4 /* AppDelegate.m in Sources */ = {isa = PBXBuildFile; fileRef = 5A02A6C116D401E1001ECCF4 /* AppDelegate.m */; };
		5A02A6C416D401E1001ECCF4 /* Default.png in Resources */ = {isa = PBXBuildFile; fileRef = 5A02A6C316D401E1001ECCF4 /* Default.png */; };
		5A02A6C616D401E1001ECCF4 /* Default@2x.png in Resources */ = {isa = PBXBuildFile; fileRef = 5A02A6C516D401E1001ECCF4 /* Default@2x.png */; };
		5A02A6C816D401E1001ECCF4 /* Default-568h@2x.png in Resources */ = {isa = PBXBuildFile; fileRef = 5A02A6C716D401E1001ECCF4 /* Default-568h@2x.png */; };
		5A02A6CB16D401E1001ECCF4 /* MainStoryboard_iPhone.storyboard in Resources */ = {isa = PBXBuildFile; fileRef = 5A02A6C916D401E1001ECCF4 /* MainStoryboard_iPhone.storyboard */; };
		5A02A6CE16D401E1001ECCF4 /* MainStoryboard_iPad.storyboard in Resources */ = {isa = PBXBuildFile; fileRef = 5A02A6CC16D401E1001ECCF4 /* MainStoryboard_iPad.storyboard */; };
		5A02A6D116D401E1001ECCF4 /* ViewController.m in Sources */ = {isa = PBXBuildFile; fileRef = 5A02A6D016D401E1001ECCF4 /* ViewController.m */; };
		5A02A6D916D401E2001ECCF4 /* SenTestingKit.framework in Frameworks */ = {isa = PBXBuildFile; fileRef = 5A02A6D816D401E2001ECCF4 /* SenTestingKit.framework */; };
		5A02A6DA16D401E2001ECCF4 /* UIKit.framework in Frameworks */ = {isa = PBXBuildFile; fileRef = 5A02A6B116D401E1001ECCF4 /* UIKit.framework */; };
		5A02A6DB16D401E2001ECCF4 /* Foundation.framework in Frameworks */ = {isa = PBXBuildFile; fileRef = 5A02A6B316D401E1001ECCF4 /* Foundation.framework */; };
		5A02A6E316D401E2001ECCF4 /* InfoPlist.strings in Resources */ = {isa = PBXBuildFile; fileRef = 5A02A6E116D401E2001ECCF4 /* InfoPlist.strings */; };
		5A02A6E616D401E2001ECCF4 /* TypeOverTests.m in Sources */ = {isa = PBXBuildFile; fileRef = 5A02A6E516D401E2001ECCF4 /* TypeOverTests.m */; };
		5A2BDF2116F26C6F008D38B1 /* highlightedButton.png in Resources */ = {isa = PBXBuildFile; fileRef = 5A2BDF1E16F26C6F008D38B1 /* highlightedButton.png */; };
		5A2BDF2216F26C6F008D38B1 /* normalButton.png in Resources */ = {isa = PBXBuildFile; fileRef = 5A2BDF1F16F26C6F008D38B1 /* normalButton.png */; };
		5AA61CFB16DA7EAA00C60323 /* CustomButton.m in Sources */ = {isa = PBXBuildFile; fileRef = 5AA61CFA16DA7EAA00C60323 /* CustomButton.m */; };
		5AD6DFF816D93531002B81D1 /* Social.framework in Frameworks */ = {isa = PBXBuildFile; fileRef = 5AD6DFF716D93531002B81D1 /* Social.framework */; };
		6C16FB5D16FF73FF00C62E49 /* SettingsViewController.m in Sources */ = {isa = PBXBuildFile; fileRef = 6C16FB5C16FF73FF00C62E49 /* SettingsViewController.m */; };
		6C7260C71754F2C000EC4671 /* cmu07a.dic in Resources */ = {isa = PBXBuildFile; fileRef = 6C7260B71754F2C000EC4671 /* cmu07a.dic */; };
		6C7260C81754F2C000EC4671 /* feat.params in Resources */ = {isa = PBXBuildFile; fileRef = 6C7260B91754F2C000EC4671 /* feat.params */; };
		6C7260C91754F2C000EC4671 /* mdef in Resources */ = {isa = PBXBuildFile; fileRef = 6C7260BA1754F2C000EC4671 /* mdef */; };
		6C7260CA1754F2C000EC4671 /* means in Resources */ = {isa = PBXBuildFile; fileRef = 6C7260BB1754F2C000EC4671 /* means */; };
		6C7260CB1754F2C000EC4671 /* noisedict in Resources */ = {isa = PBXBuildFile; fileRef = 6C7260BC1754F2C000EC4671 /* noisedict */; };
		6C7260CC1754F2C000EC4671 /* sendump in Resources */ = {isa = PBXBuildFile; fileRef = 6C7260BD1754F2C000EC4671 /* sendump */; };
		6C7260CD1754F2C000EC4671 /* transition_matrices in Resources */ = {isa = PBXBuildFile; fileRef = 6C7260BE1754F2C000EC4671 /* transition_matrices */; };
		6C7260CE1754F2C000EC4671 /* variances in Resources */ = {isa = PBXBuildFile; fileRef = 6C7260BF1754F2C000EC4671 /* variances */; };
		6C7260CF1754F2C000EC4671 /* OpenEars.framework in Frameworks */ = {isa = PBXBuildFile; fileRef = 6C7260C01754F2C000EC4671 /* OpenEars.framework */; };
		6C7260D01754F2C000EC4671 /* OpenEars1.dic in Resources */ = {isa = PBXBuildFile; fileRef = 6C7260C11754F2C000EC4671 /* OpenEars1.dic */; };
		6C7260D11754F2C000EC4671 /* OpenEars1.gram in Resources */ = {isa = PBXBuildFile; fileRef = 6C7260C21754F2C000EC4671 /* OpenEars1.gram */; };
		6C7260D21754F2C000EC4671 /* OpenEars1.languagemodel in Resources */ = {isa = PBXBuildFile; fileRef = 6C7260C31754F2C000EC4671 /* OpenEars1.languagemodel */; };
		6C7260D31754F2C000EC4671 /* OpenEars2.gram in Resources */ = {isa = PBXBuildFile; fileRef = 6C7260C41754F2C000EC4671 /* OpenEars2.gram */; };
		6C7260D41754F2C000EC4671 /* OpenEarsCorpus.txt in Resources */ = {isa = PBXBuildFile; fileRef = 6C7260C51754F2C000EC4671 /* OpenEarsCorpus.txt */; };
		6C7260D51754F2C000EC4671 /* Slt.framework in Frameworks */ = {isa = PBXBuildFile; fileRef = 6C7260C61754F2C000EC4671 /* Slt.framework */; };
		6C7260D71754F31800EC4671 /* AudioToolbox.framework in Frameworks */ = {isa = PBXBuildFile; fileRef = 6C7260D61754F31800EC4671 /* AudioToolbox.framework */; };
		6C7260D91754F32A00EC4671 /* AVFoundation.framework in Frameworks */ = {isa = PBXBuildFile; fileRef = 6C7260D81754F32A00EC4671 /* AVFoundation.framework */; };
		F0F831EB16FB8E6200535DC1 /* libsqlite3.dylib in Frameworks */ = {isa = PBXBuildFile; fileRef = F0F831EA16FB8E6200535DC1 /* libsqlite3.dylib */; };
		F0F831ED16FB98DC00535DC1 /* EnWords in Resources */ = {isa = PBXBuildFile; fileRef = F0F831EC16FB98DC00535DC1 /* EnWords */; };
/* End PBXBuildFile section */

/* Begin PBXContainerItemProxy section */
		5A02A6DC16D401E2001ECCF4 /* PBXContainerItemProxy */ = {
			isa = PBXContainerItemProxy;
			containerPortal = 5A02A6A616D401E1001ECCF4 /* Project object */;
			proxyType = 1;
			remoteGlobalIDString = 5A02A6AD16D401E1001ECCF4;
			remoteInfo = TypeOver;
		};
/* End PBXContainerItemProxy section */

/* Begin PBXFileReference section */
		5A02A6AE16D401E1001ECCF4 /* TypeOver.app */ = {isa = PBXFileReference; explicitFileType = wrapper.application; includeInIndex = 0; path = TypeOver.app; sourceTree = BUILT_PRODUCTS_DIR; };
		5A02A6B116D401E1001ECCF4 /* UIKit.framework */ = {isa = PBXFileReference; lastKnownFileType = wrapper.framework; name = UIKit.framework; path = System/Library/Frameworks/UIKit.framework; sourceTree = SDKROOT; };
		5A02A6B316D401E1001ECCF4 /* Foundation.framework */ = {isa = PBXFileReference; lastKnownFileType = wrapper.framework; name = Foundation.framework; path = System/Library/Frameworks/Foundation.framework; sourceTree = SDKROOT; };
		5A02A6B516D401E1001ECCF4 /* CoreGraphics.framework */ = {isa = PBXFileReference; lastKnownFileType = wrapper.framework; name = CoreGraphics.framework; path = System/Library/Frameworks/CoreGraphics.framework; sourceTree = SDKROOT; };
		5A02A6B916D401E1001ECCF4 /* TypeOver-Info.plist */ = {isa = PBXFileReference; lastKnownFileType = text.plist.xml; path = "TypeOver-Info.plist"; sourceTree = "<group>"; };
		5A02A6BB16D401E1001ECCF4 /* en */ = {isa = PBXFileReference; lastKnownFileType = text.plist.strings; name = en; path = en.lproj/InfoPlist.strings; sourceTree = "<group>"; };
		5A02A6BD16D401E1001ECCF4 /* main.m */ = {isa = PBXFileReference; lastKnownFileType = sourcecode.c.objc; path = main.m; sourceTree = "<group>"; };
		5A02A6BF16D401E1001ECCF4 /* TypeOver-Prefix.pch */ = {isa = PBXFileReference; lastKnownFileType = sourcecode.c.h; path = "TypeOver-Prefix.pch"; sourceTree = "<group>"; };
		5A02A6C016D401E1001ECCF4 /* AppDelegate.h */ = {isa = PBXFileReference; lastKnownFileType = sourcecode.c.h; path = AppDelegate.h; sourceTree = "<group>"; };
		5A02A6C116D401E1001ECCF4 /* AppDelegate.m */ = {isa = PBXFileReference; lastKnownFileType = sourcecode.c.objc; path = AppDelegate.m; sourceTree = "<group>"; };
		5A02A6C316D401E1001ECCF4 /* Default.png */ = {isa = PBXFileReference; lastKnownFileType = image.png; path = Default.png; sourceTree = "<group>"; };
		5A02A6C516D401E1001ECCF4 /* Default@2x.png */ = {isa = PBXFileReference; lastKnownFileType = image.png; path = "Default@2x.png"; sourceTree = "<group>"; };
		5A02A6C716D401E1001ECCF4 /* Default-568h@2x.png */ = {isa = PBXFileReference; lastKnownFileType = image.png; path = "Default-568h@2x.png"; sourceTree = "<group>"; };
		5A02A6CA16D401E1001ECCF4 /* en */ = {isa = PBXFileReference; lastKnownFileType = file.storyboard; name = en; path = en.lproj/MainStoryboard_iPhone.storyboard; sourceTree = "<group>"; };
		5A02A6CD16D401E1001ECCF4 /* en */ = {isa = PBXFileReference; lastKnownFileType = file.storyboard; name = en; path = en.lproj/MainStoryboard_iPad.storyboard; sourceTree = "<group>"; };
		5A02A6CF16D401E1001ECCF4 /* ViewController.h */ = {isa = PBXFileReference; lastKnownFileType = sourcecode.c.h; path = ViewController.h; sourceTree = "<group>"; };
		5A02A6D016D401E1001ECCF4 /* ViewController.m */ = {isa = PBXFileReference; lastKnownFileType = sourcecode.c.objc; path = ViewController.m; sourceTree = "<group>"; };
		5A02A6D716D401E2001ECCF4 /* TypeOverTests.octest */ = {isa = PBXFileReference; explicitFileType = wrapper.cfbundle; includeInIndex = 0; path = TypeOverTests.octest; sourceTree = BUILT_PRODUCTS_DIR; };
		5A02A6D816D401E2001ECCF4 /* SenTestingKit.framework */ = {isa = PBXFileReference; lastKnownFileType = wrapper.framework; name = SenTestingKit.framework; path = Library/Frameworks/SenTestingKit.framework; sourceTree = DEVELOPER_DIR; };
		5A02A6E016D401E2001ECCF4 /* TypeOverTests-Info.plist */ = {isa = PBXFileReference; lastKnownFileType = text.plist.xml; path = "TypeOverTests-Info.plist"; sourceTree = "<group>"; };
		5A02A6E216D401E2001ECCF4 /* en */ = {isa = PBXFileReference; lastKnownFileType = text.plist.strings; name = en; path = en.lproj/InfoPlist.strings; sourceTree = "<group>"; };
		5A02A6E416D401E2001ECCF4 /* TypeOverTests.h */ = {isa = PBXFileReference; lastKnownFileType = sourcecode.c.h; path = TypeOverTests.h; sourceTree = "<group>"; };
		5A02A6E516D401E2001ECCF4 /* TypeOverTests.m */ = {isa = PBXFileReference; lastKnownFileType = sourcecode.c.objc; path = TypeOverTests.m; sourceTree = "<group>"; };
		5A2BDF1E16F26C6F008D38B1 /* highlightedButton.png */ = {isa = PBXFileReference; lastKnownFileType = image.png; path = highlightedButton.png; sourceTree = "<group>"; };
		5A2BDF1F16F26C6F008D38B1 /* normalButton.png */ = {isa = PBXFileReference; lastKnownFileType = image.png; path = normalButton.png; sourceTree = "<group>"; };
		5AA61CF916DA7EAA00C60323 /* CustomButton.h */ = {isa = PBXFileReference; fileEncoding = 4; lastKnownFileType = sourcecode.c.h; path = CustomButton.h; sourceTree = "<group>"; };
		5AA61CFA16DA7EAA00C60323 /* CustomButton.m */ = {isa = PBXFileReference; fileEncoding = 4; lastKnownFileType = sourcecode.c.objc; path = CustomButton.m; sourceTree = "<group>"; };
		5AD6DFF716D93531002B81D1 /* Social.framework */ = {isa = PBXFileReference; lastKnownFileType = wrapper.framework; name = Social.framework; path = System/Library/Frameworks/Social.framework; sourceTree = SDKROOT; };
		6C16FB5B16FF73FF00C62E49 /* SettingsViewController.h */ = {isa = PBXFileReference; fileEncoding = 4; lastKnownFileType = sourcecode.c.h; path = SettingsViewController.h; sourceTree = "<group>"; };
		6C16FB5C16FF73FF00C62E49 /* SettingsViewController.m */ = {isa = PBXFileReference; fileEncoding = 4; lastKnownFileType = sourcecode.c.objc; path = SettingsViewController.m; sourceTree = "<group>"; };
		6C7260B71754F2C000EC4671 /* cmu07a.dic */ = {isa = PBXFileReference; fileEncoding = 4; lastKnownFileType = text; path = cmu07a.dic; sourceTree = "<group>"; };
		6C7260B91754F2C000EC4671 /* feat.params */ = {isa = PBXFileReference; fileEncoding = 4; lastKnownFileType = text; path = feat.params; sourceTree = "<group>"; };
		6C7260BA1754F2C000EC4671 /* mdef */ = {isa = PBXFileReference; lastKnownFileType = file; path = mdef; sourceTree = "<group>"; };
		6C7260BB1754F2C000EC4671 /* means */ = {isa = PBXFileReference; lastKnownFileType = file; path = means; sourceTree = "<group>"; };
		6C7260BC1754F2C000EC4671 /* noisedict */ = {isa = PBXFileReference; fileEncoding = 4; lastKnownFileType = text; path = noisedict; sourceTree = "<group>"; };
		6C7260BD1754F2C000EC4671 /* sendump */ = {isa = PBXFileReference; lastKnownFileType = file; path = sendump; sourceTree = "<group>"; };
		6C7260BE1754F2C000EC4671 /* transition_matrices */ = {isa = PBXFileReference; lastKnownFileType = file; path = transition_matrices; sourceTree = "<group>"; };
		6C7260BF1754F2C000EC4671 /* variances */ = {isa = PBXFileReference; lastKnownFileType = file; path = variances; sourceTree = "<group>"; };
		6C7260C01754F2C000EC4671 /* OpenEars.framework */ = {isa = PBXFileReference; lastKnownFileType = wrapper.framework; path = OpenEars.framework; sourceTree = "<group>"; };
		6C7260C11754F2C000EC4671 /* OpenEars1.dic */ = {isa = PBXFileReference; fileEncoding = 4; lastKnownFileType = text; path = OpenEars1.dic; sourceTree = "<group>"; };
		6C7260C21754F2C000EC4671 /* OpenEars1.gram */ = {isa = PBXFileReference; fileEncoding = 4; lastKnownFileType = text; path = OpenEars1.gram; sourceTree = "<group>"; };
		6C7260C31754F2C000EC4671 /* OpenEars1.languagemodel */ = {isa = PBXFileReference; fileEncoding = 4; lastKnownFileType = text; path = OpenEars1.languagemodel; sourceTree = "<group>"; };
		6C7260C41754F2C000EC4671 /* OpenEars2.gram */ = {isa = PBXFileReference; fileEncoding = 4; lastKnownFileType = text; path = OpenEars2.gram; sourceTree = "<group>"; };
		6C7260C51754F2C000EC4671 /* OpenEarsCorpus.txt */ = {isa = PBXFileReference; fileEncoding = 4; lastKnownFileType = text; path = OpenEarsCorpus.txt; sourceTree = "<group>"; };
		6C7260C61754F2C000EC4671 /* Slt.framework */ = {isa = PBXFileReference; lastKnownFileType = wrapper.framework; path = Slt.framework; sourceTree = "<group>"; };
		6C7260D61754F31800EC4671 /* AudioToolbox.framework */ = {isa = PBXFileReference; lastKnownFileType = wrapper.framework; name = AudioToolbox.framework; path = System/Library/Frameworks/AudioToolbox.framework; sourceTree = SDKROOT; };
		6C7260D81754F32A00EC4671 /* AVFoundation.framework */ = {isa = PBXFileReference; lastKnownFileType = wrapper.framework; name = AVFoundation.framework; path = System/Library/Frameworks/AVFoundation.framework; sourceTree = SDKROOT; };
		F0F831EA16FB8E6200535DC1 /* libsqlite3.dylib */ = {isa = PBXFileReference; lastKnownFileType = "compiled.mach-o.dylib"; name = libsqlite3.dylib; path = usr/lib/libsqlite3.dylib; sourceTree = SDKROOT; };
		F0F831EC16FB98DC00535DC1 /* EnWords */ = {isa = PBXFileReference; lastKnownFileType = file; path = EnWords; sourceTree = "<group>"; };
/* End PBXFileReference section */

/* Begin PBXFrameworksBuildPhase section */
		5A02A6AB16D401E1001ECCF4 /* Frameworks */ = {
			isa = PBXFrameworksBuildPhase;
			buildActionMask = 2147483647;
			files = (
				6C7260D91754F32A00EC4671 /* AVFoundation.framework in Frameworks */,
				6C7260D71754F31800EC4671 /* AudioToolbox.framework in Frameworks */,
				F0F831EB16FB8E6200535DC1 /* libsqlite3.dylib in Frameworks */,
				5AD6DFF816D93531002B81D1 /* Social.framework in Frameworks */,
				5A02A6B216D401E1001ECCF4 /* UIKit.framework in Frameworks */,
				5A02A6B416D401E1001ECCF4 /* Foundation.framework in Frameworks */,
				5A02A6B616D401E1001ECCF4 /* CoreGraphics.framework in Frameworks */,
				6C7260CF1754F2C000EC4671 /* OpenEars.framework in Frameworks */,
				6C7260D51754F2C000EC4671 /* Slt.framework in Frameworks */,
			);
			runOnlyForDeploymentPostprocessing = 0;
		};
		5A02A6D316D401E2001ECCF4 /* Frameworks */ = {
			isa = PBXFrameworksBuildPhase;
			buildActionMask = 2147483647;
			files = (
				5A02A6D916D401E2001ECCF4 /* SenTestingKit.framework in Frameworks */,
				5A02A6DA16D401E2001ECCF4 /* UIKit.framework in Frameworks */,
				5A02A6DB16D401E2001ECCF4 /* Foundation.framework in Frameworks */,
			);
			runOnlyForDeploymentPostprocessing = 0;
		};
/* End PBXFrameworksBuildPhase section */

/* Begin PBXGroup section */
		5A02A6A516D401E1001ECCF4 = {
			isa = PBXGroup;
			children = (
				5A02A6B716D401E1001ECCF4 /* TypeOver */,
				5A02A6DE16D401E2001ECCF4 /* TypeOverTests */,
				5A02A6B016D401E1001ECCF4 /* Frameworks */,
				5A02A6AF16D401E1001ECCF4 /* Products */,
			);
			sourceTree = "<group>";
		};
		5A02A6AF16D401E1001ECCF4 /* Products */ = {
			isa = PBXGroup;
			children = (
				5A02A6AE16D401E1001ECCF4 /* TypeOver.app */,
				5A02A6D716D401E2001ECCF4 /* TypeOverTests.octest */,
			);
			name = Products;
			sourceTree = "<group>";
		};
		5A02A6B016D401E1001ECCF4 /* Frameworks */ = {
			isa = PBXGroup;
			children = (
				6C7260D61754F31800EC4671 /* AudioToolbox.framework */,
				6C7260D81754F32A00EC4671 /* AVFoundation.framework */,
				6C7260B61754F2C000EC4671 /* Framework */,
				F0F831EA16FB8E6200535DC1 /* libsqlite3.dylib */,
				5AD6DFF716D93531002B81D1 /* Social.framework */,
				5A02A6B116D401E1001ECCF4 /* UIKit.framework */,
				5A02A6B316D401E1001ECCF4 /* Foundation.framework */,
				5A02A6B516D401E1001ECCF4 /* CoreGraphics.framework */,
				5A02A6D816D401E2001ECCF4 /* SenTestingKit.framework */,
			);
			name = Frameworks;
			sourceTree = "<group>";
		};
		5A02A6B716D401E1001ECCF4 /* TypeOver */ = {
			isa = PBXGroup;
			children = (
				5A02A6C016D401E1001ECCF4 /* AppDelegate.h */,
				5A02A6C116D401E1001ECCF4 /* AppDelegate.m */,
				5AA61CF916DA7EAA00C60323 /* CustomButton.h */,
				5AA61CFA16DA7EAA00C60323 /* CustomButton.m */,
				5A02A6C916D401E1001ECCF4 /* MainStoryboard_iPhone.storyboard */,
				5A02A6CC16D401E1001ECCF4 /* MainStoryboard_iPad.storyboard */,
				6C16FB5B16FF73FF00C62E49 /* SettingsViewController.h */,
				6C16FB5C16FF73FF00C62E49 /* SettingsViewController.m */,
				5A02A6CF16D401E1001ECCF4 /* ViewController.h */,
				5A02A6D016D401E1001ECCF4 /* ViewController.m */,
				5A02A6B816D401E1001ECCF4 /* Supporting Files */,
			);
			path = TypeOver;
			sourceTree = "<group>";
		};
		5A02A6B816D401E1001ECCF4 /* Supporting Files */ = {
			isa = PBXGroup;
			children = (
				F0F831EC16FB98DC00535DC1 /* EnWords */,
				5A2BDF1E16F26C6F008D38B1 /* highlightedButton.png */,
				5A2BDF1F16F26C6F008D38B1 /* normalButton.png */,
				5A02A6B916D401E1001ECCF4 /* TypeOver-Info.plist */,
				5A02A6BA16D401E1001ECCF4 /* InfoPlist.strings */,
				5A02A6BD16D401E1001ECCF4 /* main.m */,
				5A02A6BF16D401E1001ECCF4 /* TypeOver-Prefix.pch */,
				5A02A6C316D401E1001ECCF4 /* Default.png */,
				5A02A6C516D401E1001ECCF4 /* Default@2x.png */,
				5A02A6C716D401E1001ECCF4 /* Default-568h@2x.png */,
			);
			name = "Supporting Files";
			sourceTree = "<group>";
		};
		5A02A6DE16D401E2001ECCF4 /* TypeOverTests */ = {
			isa = PBXGroup;
			children = (
				5A02A6E416D401E2001ECCF4 /* TypeOverTests.h */,
				5A02A6E516D401E2001ECCF4 /* TypeOverTests.m */,
				5A02A6DF16D401E2001ECCF4 /* Supporting Files */,
			);
			path = TypeOverTests;
			sourceTree = "<group>";
		};
		5A02A6DF16D401E2001ECCF4 /* Supporting Files */ = {
			isa = PBXGroup;
			children = (
				5A02A6E016D401E2001ECCF4 /* TypeOverTests-Info.plist */,
				5A02A6E116D401E2001ECCF4 /* InfoPlist.strings */,
			);
			name = "Supporting Files";
			sourceTree = "<group>";
		};
		6C7260B61754F2C000EC4671 /* Framework */ = {
			isa = PBXGroup;
			children = (
				6C7260B71754F2C000EC4671 /* cmu07a.dic */,
				6C7260B81754F2C000EC4671 /* hub4wsj_sc_8k */,
				6C7260C01754F2C000EC4671 /* OpenEars.framework */,
				6C7260C11754F2C000EC4671 /* OpenEars1.dic */,
				6C7260C21754F2C000EC4671 /* OpenEars1.gram */,
				6C7260C31754F2C000EC4671 /* OpenEars1.languagemodel */,
				6C7260C41754F2C000EC4671 /* OpenEars2.gram */,
				6C7260C51754F2C000EC4671 /* OpenEarsCorpus.txt */,
				6C7260C61754F2C000EC4671 /* Slt.framework */,
			);
			name = Framework;
			path = "../../../../Downloads/OpenEarsDistribution 2/Framework";
			sourceTree = "<group>";
		};
		6C7260B81754F2C000EC4671 /* hub4wsj_sc_8k */ = {
			isa = PBXGroup;
			children = (
				6C7260B91754F2C000EC4671 /* feat.params */,
				6C7260BA1754F2C000EC4671 /* mdef */,
				6C7260BB1754F2C000EC4671 /* means */,
				6C7260BC1754F2C000EC4671 /* noisedict */,
				6C7260BD1754F2C000EC4671 /* sendump */,
				6C7260BE1754F2C000EC4671 /* transition_matrices */,
				6C7260BF1754F2C000EC4671 /* variances */,
			);
			path = hub4wsj_sc_8k;
			sourceTree = "<group>";
		};
/* End PBXGroup section */

/* Begin PBXNativeTarget section */
		5A02A6AD16D401E1001ECCF4 /* TypeOver */ = {
			isa = PBXNativeTarget;
			buildConfigurationList = 5A02A6E916D401E2001ECCF4 /* Build configuration list for PBXNativeTarget "TypeOver" */;
			buildPhases = (
				5A02A6AA16D401E1001ECCF4 /* Sources */,
				5A02A6AB16D401E1001ECCF4 /* Frameworks */,
				5A02A6AC16D401E1001ECCF4 /* Resources */,
			);
			buildRules = (
			);
			dependencies = (
			);
			name = TypeOver;
			productName = TypeOver;
			productReference = 5A02A6AE16D401E1001ECCF4 /* TypeOver.app */;
			productType = "com.apple.product-type.application";
		};
		5A02A6D616D401E2001ECCF4 /* TypeOverTests */ = {
			isa = PBXNativeTarget;
			buildConfigurationList = 5A02A6EC16D401E2001ECCF4 /* Build configuration list for PBXNativeTarget "TypeOverTests" */;
			buildPhases = (
				5A02A6D216D401E2001ECCF4 /* Sources */,
				5A02A6D316D401E2001ECCF4 /* Frameworks */,
				5A02A6D416D401E2001ECCF4 /* Resources */,
				5A02A6D516D401E2001ECCF4 /* ShellScript */,
			);
			buildRules = (
			);
			dependencies = (
				5A02A6DD16D401E2001ECCF4 /* PBXTargetDependency */,
			);
			name = TypeOverTests;
			productName = TypeOverTests;
			productReference = 5A02A6D716D401E2001ECCF4 /* TypeOverTests.octest */;
			productType = "com.apple.product-type.bundle";
		};
/* End PBXNativeTarget section */

/* Begin PBXProject section */
		5A02A6A616D401E1001ECCF4 /* Project object */ = {
			isa = PBXProject;
			attributes = {
				LastUpgradeCheck = 0460;
				ORGANIZATIONNAME = "Owen McGirr";
			};
			buildConfigurationList = 5A02A6A916D401E1001ECCF4 /* Build configuration list for PBXProject "TypeOver" */;
			compatibilityVersion = "Xcode 3.2";
			developmentRegion = English;
			hasScannedForEncodings = 0;
			knownRegions = (
				en,
			);
			mainGroup = 5A02A6A516D401E1001ECCF4;
			productRefGroup = 5A02A6AF16D401E1001ECCF4 /* Products */;
			projectDirPath = "";
			projectRoot = "";
			targets = (
				5A02A6AD16D401E1001ECCF4 /* TypeOver */,
				5A02A6D616D401E2001ECCF4 /* TypeOverTests */,
			);
		};
/* End PBXProject section */

/* Begin PBXResourcesBuildPhase section */
		5A02A6AC16D401E1001ECCF4 /* Resources */ = {
			isa = PBXResourcesBuildPhase;
			buildActionMask = 2147483647;
			files = (
				5A02A6BC16D401E1001ECCF4 /* InfoPlist.strings in Resources */,
				5A02A6C416D401E1001ECCF4 /* Default.png in Resources */,
				5A02A6C616D401E1001ECCF4 /* Default@2x.png in Resources */,
				5A02A6C816D401E1001ECCF4 /* Default-568h@2x.png in Resources */,
				5A02A6CB16D401E1001ECCF4 /* MainStoryboard_iPhone.storyboard in Resources */,
				5A02A6CE16D401E1001ECCF4 /* MainStoryboard_iPad.storyboard in Resources */,
				5A2BDF2116F26C6F008D38B1 /* highlightedButton.png in Resources */,
				5A2BDF2216F26C6F008D38B1 /* normalButton.png in Resources */,
				F0F831ED16FB98DC00535DC1 /* EnWords in Resources */,
				6C7260C71754F2C000EC4671 /* cmu07a.dic in Resources */,
				6C7260C81754F2C000EC4671 /* feat.params in Resources */,
				6C7260C91754F2C000EC4671 /* mdef in Resources */,
				6C7260CA1754F2C000EC4671 /* means in Resources */,
				6C7260CB1754F2C000EC4671 /* noisedict in Resources */,
				6C7260CC1754F2C000EC4671 /* sendump in Resources */,
				6C7260CD1754F2C000EC4671 /* transition_matrices in Resources */,
				6C7260CE1754F2C000EC4671 /* variances in Resources */,
				6C7260D01754F2C000EC4671 /* OpenEars1.dic in Resources */,
				6C7260D11754F2C000EC4671 /* OpenEars1.gram in Resources */,
				6C7260D21754F2C000EC4671 /* OpenEars1.languagemodel in Resources */,
				6C7260D31754F2C000EC4671 /* OpenEars2.gram in Resources */,
				6C7260D41754F2C000EC4671 /* OpenEarsCorpus.txt in Resources */,
			);
			runOnlyForDeploymentPostprocessing = 0;
		};
		5A02A6D416D401E2001ECCF4 /* Resources */ = {
			isa = PBXResourcesBuildPhase;
			buildActionMask = 2147483647;
			files = (
				5A02A6E316D401E2001ECCF4 /* InfoPlist.strings in Resources */,
			);
			runOnlyForDeploymentPostprocessing = 0;
		};
/* End PBXResourcesBuildPhase section */

/* Begin PBXShellScriptBuildPhase section */
		5A02A6D516D401E2001ECCF4 /* ShellScript */ = {
			isa = PBXShellScriptBuildPhase;
			buildActionMask = 2147483647;
			files = (
			);
			inputPaths = (
			);
			outputPaths = (
			);
			runOnlyForDeploymentPostprocessing = 0;
			shellPath = /bin/sh;
			shellScript = "# Run the unit tests in this test bundle.\n\"${SYSTEM_DEVELOPER_DIR}/Tools/RunUnitTests\"\n";
		};
/* End PBXShellScriptBuildPhase section */

/* Begin PBXSourcesBuildPhase section */
		5A02A6AA16D401E1001ECCF4 /* Sources */ = {
			isa = PBXSourcesBuildPhase;
			buildActionMask = 2147483647;
			files = (
				5A02A6BE16D401E1001ECCF4 /* main.m in Sources */,
				5A02A6C216D401E1001ECCF4 /* AppDelegate.m in Sources */,
				5A02A6D116D401E1001ECCF4 /* ViewController.m in Sources */,
				5AA61CFB16DA7EAA00C60323 /* CustomButton.m in Sources */,
				6C16FB5D16FF73FF00C62E49 /* SettingsViewController.m in Sources */,
			);
			runOnlyForDeploymentPostprocessing = 0;
		};
		5A02A6D216D401E2001ECCF4 /* Sources */ = {
			isa = PBXSourcesBuildPhase;
			buildActionMask = 2147483647;
			files = (
				5A02A6E616D401E2001ECCF4 /* TypeOverTests.m in Sources */,
			);
			runOnlyForDeploymentPostprocessing = 0;
		};
/* End PBXSourcesBuildPhase section */

/* Begin PBXTargetDependency section */
		5A02A6DD16D401E2001ECCF4 /* PBXTargetDependency */ = {
			isa = PBXTargetDependency;
			target = 5A02A6AD16D401E1001ECCF4 /* TypeOver */;
			targetProxy = 5A02A6DC16D401E2001ECCF4 /* PBXContainerItemProxy */;
		};
/* End PBXTargetDependency section */

/* Begin PBXVariantGroup section */
		5A02A6BA16D401E1001ECCF4 /* InfoPlist.strings */ = {
			isa = PBXVariantGroup;
			children = (
				5A02A6BB16D401E1001ECCF4 /* en */,
			);
			name = InfoPlist.strings;
			sourceTree = "<group>";
		};
		5A02A6C916D401E1001ECCF4 /* MainStoryboard_iPhone.storyboard */ = {
			isa = PBXVariantGroup;
			children = (
				5A02A6CA16D401E1001ECCF4 /* en */,
			);
			name = MainStoryboard_iPhone.storyboard;
			sourceTree = "<group>";
		};
		5A02A6CC16D401E1001ECCF4 /* MainStoryboard_iPad.storyboard */ = {
			isa = PBXVariantGroup;
			children = (
				5A02A6CD16D401E1001ECCF4 /* en */,
			);
			name = MainStoryboard_iPad.storyboard;
			sourceTree = "<group>";
		};
		5A02A6E116D401E2001ECCF4 /* InfoPlist.strings */ = {
			isa = PBXVariantGroup;
			children = (
				5A02A6E216D401E2001ECCF4 /* en */,
			);
			name = InfoPlist.strings;
			sourceTree = "<group>";
		};
/* End PBXVariantGroup section */

/* Begin XCBuildConfiguration section */
		5A02A6E716D401E2001ECCF4 /* Debug */ = {
			isa = XCBuildConfiguration;
			buildSettings = {
				ALWAYS_SEARCH_USER_PATHS = NO;
				CLANG_CXX_LANGUAGE_STANDARD = "gnu++0x";
				CLANG_CXX_LIBRARY = "libc++";
				CLANG_ENABLE_OBJC_ARC = YES;
				CLANG_WARN_CONSTANT_CONVERSION = YES;
				CLANG_WARN_EMPTY_BODY = YES;
				CLANG_WARN_ENUM_CONVERSION = YES;
				CLANG_WARN_INT_CONVERSION = YES;
				CLANG_WARN__DUPLICATE_METHOD_MATCH = YES;
				"CODE_SIGN_IDENTITY[sdk=iphoneos*]" = "iPhone Developer";
				COPY_PHASE_STRIP = NO;
				GCC_C_LANGUAGE_STANDARD = gnu99;
				GCC_DYNAMIC_NO_PIC = NO;
				GCC_OPTIMIZATION_LEVEL = 0;
				GCC_PREPROCESSOR_DEFINITIONS = (
					"DEBUG=1",
					"$(inherited)",
				);
				GCC_SYMBOLS_PRIVATE_EXTERN = NO;
				GCC_WARN_ABOUT_RETURN_TYPE = YES;
				GCC_WARN_UNINITIALIZED_AUTOS = YES;
				GCC_WARN_UNUSED_VARIABLE = YES;
				IPHONEOS_DEPLOYMENT_TARGET = 6.1;
				ONLY_ACTIVE_ARCH = YES;
				SDKROOT = iphoneos;
				TARGETED_DEVICE_FAMILY = "1,2";
			};
			name = Debug;
		};
		5A02A6E816D401E2001ECCF4 /* Release */ = {
			isa = XCBuildConfiguration;
			buildSettings = {
				ALWAYS_SEARCH_USER_PATHS = NO;
				CLANG_CXX_LANGUAGE_STANDARD = "gnu++0x";
				CLANG_CXX_LIBRARY = "libc++";
				CLANG_ENABLE_OBJC_ARC = YES;
				CLANG_WARN_CONSTANT_CONVERSION = YES;
				CLANG_WARN_EMPTY_BODY = YES;
				CLANG_WARN_ENUM_CONVERSION = YES;
				CLANG_WARN_INT_CONVERSION = YES;
				CLANG_WARN__DUPLICATE_METHOD_MATCH = YES;
				"CODE_SIGN_IDENTITY[sdk=iphoneos*]" = "iPhone Developer";
				COPY_PHASE_STRIP = YES;
				GCC_C_LANGUAGE_STANDARD = gnu99;
				GCC_WARN_ABOUT_RETURN_TYPE = YES;
				GCC_WARN_UNINITIALIZED_AUTOS = YES;
				GCC_WARN_UNUSED_VARIABLE = YES;
				IPHONEOS_DEPLOYMENT_TARGET = 6.1;
				OTHER_CFLAGS = "-DNS_BLOCK_ASSERTIONS=1";
				SDKROOT = iphoneos;
				TARGETED_DEVICE_FAMILY = "1,2";
				VALIDATE_PRODUCT = YES;
			};
			name = Release;
		};
		5A02A6EA16D401E2001ECCF4 /* Debug */ = {
			isa = XCBuildConfiguration;
			buildSettings = {
				FRAMEWORK_SEARCH_PATHS = (
					"$(inherited)",
					"\"$(SRCROOT)/../../../../Downloads/OpenEarsDistribution 2/Framework\"",
				);
				GCC_PRECOMPILE_PREFIX_HEADER = YES;
				GCC_PREFIX_HEADER = "TypeOver/TypeOver-Prefix.pch";
				INFOPLIST_FILE = "TypeOver/TypeOver-Info.plist";
				PRODUCT_NAME = "$(TARGET_NAME)";
				WRAPPER_EXTENSION = app;
			};
			name = Debug;
		};
		5A02A6EB16D401E2001ECCF4 /* Release */ = {
			isa = XCBuildConfiguration;
			buildSettings = {
				FRAMEWORK_SEARCH_PATHS = (
					"$(inherited)",
					"\"$(SRCROOT)/../../../../Downloads/OpenEarsDistribution 2/Framework\"",
				);
				GCC_PRECOMPILE_PREFIX_HEADER = YES;
				GCC_PREFIX_HEADER = "TypeOver/TypeOver-Prefix.pch";
				INFOPLIST_FILE = "TypeOver/TypeOver-Info.plist";
				PRODUCT_NAME = "$(TARGET_NAME)";
				WRAPPER_EXTENSION = app;
			};
			name = Release;
		};
		5A02A6ED16D401E2001ECCF4 /* Debug */ = {
			isa = XCBuildConfiguration;
			buildSettings = {
				BUNDLE_LOADER = "$(BUILT_PRODUCTS_DIR)/TypeOver.app/TypeOver";
				FRAMEWORK_SEARCH_PATHS = (
					"\"$(SDKROOT)/Developer/Library/Frameworks\"",
					"\"$(DEVELOPER_LIBRARY_DIR)/Frameworks\"",
				);
				GCC_PRECOMPILE_PREFIX_HEADER = YES;
				GCC_PREFIX_HEADER = "TypeOver/TypeOver-Prefix.pch";
				INFOPLIST_FILE = "TypeOverTests/TypeOverTests-Info.plist";
				PRODUCT_NAME = "$(TARGET_NAME)";
				TEST_HOST = "$(BUNDLE_LOADER)";
				WRAPPER_EXTENSION = octest;
			};
			name = Debug;
		};
		5A02A6EE16D401E2001ECCF4 /* Release */ = {
			isa = XCBuildConfiguration;
			buildSettings = {
				BUNDLE_LOADER = "$(BUILT_PRODUCTS_DIR)/TypeOver.app/TypeOver";
				FRAMEWORK_SEARCH_PATHS = (
					"\"$(SDKROOT)/Developer/Library/Frameworks\"",
					"\"$(DEVELOPER_LIBRARY_DIR)/Frameworks\"",
				);
				GCC_PRECOMPILE_PREFIX_HEADER = YES;
				GCC_PREFIX_HEADER = "TypeOver/TypeOver-Prefix.pch";
				INFOPLIST_FILE = "TypeOverTests/TypeOverTests-Info.plist";
				PRODUCT_NAME = "$(TARGET_NAME)";
				TEST_HOST = "$(BUNDLE_LOADER)";
				WRAPPER_EXTENSION = octest;
			};
			name = Release;
		};
/* End XCBuildConfiguration section */

/* Begin XCConfigurationList section */
		5A02A6A916D401E1001ECCF4 /* Build configuration list for PBXProject "TypeOver" */ = {
			isa = XCConfigurationList;
			buildConfigurations = (
				5A02A6E716D401E2001ECCF4 /* Debug */,
				5A02A6E816D401E2001ECCF4 /* Release */,
			);
			defaultConfigurationIsVisible = 0;
			defaultConfigurationName = Release;
		};
		5A02A6E916D401E2001ECCF4 /* Build configuration list for PBXNativeTarget "TypeOver" */ = {
			isa = XCConfigurationList;
			buildConfigurations = (
				5A02A6EA16D401E2001ECCF4 /* Debug */,
				5A02A6EB16D401E2001ECCF4 /* Release */,
			);
			defaultConfigurationIsVisible = 0;
			defaultConfigurationName = Release;
		};
		5A02A6EC16D401E2001ECCF4 /* Build configuration list for PBXNativeTarget "TypeOverTests" */ = {
			isa = XCConfigurationList;
			buildConfigurations = (
				5A02A6ED16D401E2001ECCF4 /* Debug */,
				5A02A6EE16D401E2001ECCF4 /* Release */,
			);
			defaultConfigurationIsVisible = 0;
			defaultConfigurationName = Release;
		};
/* End XCConfigurationList section */
	};
	rootObject = 5A02A6A616D401E1001ECCF4 /* Project object */;
}
